
Microsoft Visual Studio Solution File, Format Version 12.00
# Visual Studio 2013
VisualStudioVersion = 12.0.30501.0
MinimumVisualStudioVersion = 10.0.40219.1
Project("{FAE04EC0-301F-11D3-BF4B-00C04F79EFBC}") = "Alba.WpfThemeGenerator", "Alba.WpfThemeGenerator\Alba.WpfThemeGenerator.csproj", "{3FDD8D0D-3503-46F5-9981-071071E05767}"
EndProject
Project("{2150E333-8FDC-42A3-9474-1A3956D46DE8}") = ".git", ".git", "{3D8FF248-D154-4A65-9FF8-2080CA406456}"
	ProjectSection(SolutionItems) = preProject
		.gitignore = .gitignore
	EndProjectSection
EndProject
Project("{FAE04EC0-301F-11D3-BF4B-00C04F79EFBC}") = "Alba.WpfThemeGenerator.Example", "Alba.WpfThemeGenerator.Example\Alba.WpfThemeGenerator.Example.csproj", "{0BFB713E-406C-488A-8AB1-502148D3EA34}"
EndProject
Project("{FAE04EC0-301F-11D3-BF4B-00C04F79EFBC}") = "Alba.WpfThemeGenerator.Editor", "Alba.WpfThemeGenerator.Editor\Alba.WpfThemeGenerator.Editor.csproj", "{90BCF348-E7FC-44EA-B004-2D7FC0B30DEA}"
EndProject
Project("{2150E333-8FDC-42A3-9474-1A3956D46DE8}") = ".nuget", ".nuget", "{9812D296-3E54-459C-AD52-554EB6915574}"
	ProjectSection(SolutionItems) = preProject
		.nuget\NuGet.Config = .nuget\NuGet.Config
		.nuget\NuGet.exe = .nuget\NuGet.exe
		.nuget\NuGet.targets = .nuget\NuGet.targets
	EndProjectSection
EndProject
Global
	GlobalSection(SolutionConfigurationPlatforms) = preSolution
		Debug|Any CPU = Debug|Any CPU
		Release|Any CPU = Release|Any CPU
	EndGlobalSection
	GlobalSection(ProjectConfigurationPlatforms) = postSolution
		{3FDD8D0D-3503-46F5-9981-071071E05767}.Debug|Any CPU.ActiveCfg = Debug|Any CPU
		{3FDD8D0D-3503-46F5-9981-071071E05767}.Debug|Any CPU.Build.0 = Debug|Any CPU
		{3FDD8D0D-3503-46F5-9981-071071E05767}.Release|Any CPU.ActiveCfg = Release|Any CPU
		{3FDD8D0D-3503-46F5-9981-071071E05767}.Release|Any CPU.Build.0 = Release|Any CPU
		{0BFB713E-406C-488A-8AB1-502148D3EA34}.Debug|Any CPU.ActiveCfg = Debug|Any CPU
		{0BFB713E-406C-488A-8AB1-502148D3EA34}.Debug|Any CPU.Build.0 = Debug|Any CPU
		{0BFB713E-406C-488A-8AB1-502148D3EA34}.Release|Any CPU.ActiveCfg = Release|Any CPU
		{0BFB713E-406C-488A-8AB1-502148D3EA34}.Release|Any CPU.Build.0 = Release|Any CPU
		{90BCF348-E7FC-44EA-B004-2D7FC0B30DEA}.Debug|Any CPU.ActiveCfg = Debug|Any CPU
		{90BCF348-E7FC-44EA-B004-2D7FC0B30DEA}.Debug|Any CPU.Build.0 = Debug|Any CPU
		{90BCF348-E7FC-44EA-B004-2D7FC0B30DEA}.Release|Any CPU.ActiveCfg = Release|Any CPU
		{90BCF348-E7FC-44EA-B004-2D7FC0B30DEA}.Release|Any CPU.Build.0 = Release|Any CPU
	EndGlobalSection
	GlobalSection(SolutionProperties) = preSolution
		HideSolutionNode = FALSE
	EndGlobalSection
EndGlobal
